
Microsoft Visual Studio Solution File, Format Version 12.00
# Visual Studio Version 16
VisualStudioVersion = 16.0.30804.86
MinimumVisualStudioVersion = 10.0.40219.1
Project("{9A19103F-16F7-4668-BE54-9A1E7A4F7556}") = "InterfaceAbstractDemo", "InterfaceAbstractDemo\InterfaceAbstractDemo.csproj", "{AA57F353-A410-4047-B20A-399EBC85C1FA}"
EndProject
Global
	GlobalSection(SolutionConfigurationPlatforms) = preSolution
		Debug|Any CPU = Debug|Any CPU
		Release|Any CPU = Release|Any CPU
	EndGlobalSection
	GlobalSection(ProjectConfigurationPlatforms) = postSolution
		{AA57F353-A410-4047-B20A-399EBC85C1FA}.Debug|Any CPU.ActiveCfg = Debug|Any CPU
		{AA57F353-A410-4047-B20A-399EBC85C1FA}.Debug|Any CPU.Build.0 = Debug|Any CPU
		{AA57F353-A410-4047-B20A-399EBC85C1FA}.Release|Any CPU.ActiveCfg = Release|Any CPU
		{AA57F353-A410-4047-B20A-399EBC85C1FA}.Release|Any CPU.Build.0 = Release|Any CPU
	EndGlobalSection
	GlobalSection(SolutionProperties) = preSolution
		HideSolutionNode = FALSE
	EndGlobalSection
	GlobalSection(ExtensibilityGlobals) = postSolution
		SolutionGuid = {9981C0E5-D5A5-4F18-A30B-911B4632BD4A}
	EndGlobalSection
EndGlobal
